{
  "name": "suikit-test",
  "version": "1.0.0",
  "lockfileVersion": 3,
  "requires": true,
  "packages": {
    "": {
      "name": "suikit-test",
      "version": "1.0.0",
      "license": "ISC",
      "dependencies": {
        "@scallop-dao/sui-kit": "../sui-toolkit"
      },
      "devDependencies": {
        "dotenv": "^16.0.3"
      }
    },
    "../sui-toolkit": {
      "name": "@scallop-dao/sui-kit",
      "version": "0.30.3",
      "license": "Apache-2.0",
      "dependencies": {
        "@mysten/bcs": "^0.7.0",
        "@mysten/sui.js": "^0.30.0",
        "@scure/bip39": "^1.2.0",
        "assert": "^2.0.0",
        "colorts": "^0.1.63",
        "superstruct": "^1.0.3",
        "tmp": "^0.2.1",
        "ts-retry-promise": "^0.7.0"
      },
      "devDependencies": {
        "@types/node": "^18.15.11",
        "@types/tmp": "^0.2.3",
        "dotenv": "^16.0.3",
        "ts-node": "^10.9.1",
        "tsup": "^6.7.0",
        "typescript": "^5.0.2"
      },
      "engines": {
        "node": ">=16"
      }
    },
    "node_modules/@scallop-dao/sui-kit": {
      "resolved": "../sui-toolkit",
      "link": true
    },
    "node_modules/dotenv": {
      "version": "16.0.3",
      "resolved": "https://registry.npmjs.org/dotenv/-/dotenv-16.0.3.tgz",
      "integrity": "sha512-7GO6HghkA5fYG9TYnNxi14/7K9f5occMlp3zXAuSxn7CKCxt9xbNWG7yF8hTCSUchlfWSe3uLmlPfigevRItzQ==",
      "dev": true,
      "engines": {
        "node": ">=12"
      }
    }
  }
}
